<Solution>
  <Project Path="01 Biljettpriskalkylatorn/01 Biljettpriskalkylatorn.csproj" />
  <Project Path="02 alderskontrollen/02 alderskontrollen.csproj" />
  <Project Path="11 Skatteutraknaren_med_Overflow/11 Skatteutraknaren_med_Overflow.csproj" />
  <Project Path="Godisdelaren/Godisdelaren.csproj" />
  <Project Path="Implicit_vs_Explicit_Typkonvertering/Implicit_vs_Explicit_Typkonvertering.csproj" />
  <Project Path="Inloggningsvalidering/Inloggningsvalidering.csproj" />
  <Project Path="Medlemsrabatt/Medlemsrabatt.csproj" />
  <Project Path="Säker division/Säker division.csproj" />
</Solution>
