<Solution>
  <Project Path="01 Biljettpriskalkylatorn/01 Biljettpriskalkylatorn.csproj" />
  <Project Path="02 alderskontrollen/02 alderskontrollen.csproj" />
  <Project Path="Godisdelaren/Godisdelaren.csproj" />
  <Project Path="Implicit_vs_Explicit_Typkonvertering/Implicit_vs_Explicit_Typkonvertering.csproj" />
  <Project Path="Inloggningsvalidering/Inloggningsvalidering.csproj" />
</Solution>
